
Microsoft Visual Studio Solution File, Format Version 12.00
Project("{FAE04EC0-301F-11D3-BF4B-00C04F79EFBC}") = "ConsoleApp", "ConsoleApp\ConsoleApp.csproj", "{82619E2B-C43C-4850-A417-8D9409B167EF}"
EndProject
Project("{FAE04EC0-301F-11D3-BF4B-00C04F79EFBC}") = "Domain", "Domain\Domain.csproj", "{ABD2240C-B06C-466F-8DDC-076D1FD8CFED}"
EndProject
Global
	GlobalSection(SolutionConfigurationPlatforms) = preSolution
		Debug|Any CPU = Debug|Any CPU
		Release|Any CPU = Release|Any CPU
	EndGlobalSection
	GlobalSection(ProjectConfigurationPlatforms) = postSolution
		{82619E2B-C43C-4850-A417-8D9409B167EF}.Debug|Any CPU.ActiveCfg = Debug|Any CPU
		{82619E2B-C43C-4850-A417-8D9409B167EF}.Debug|Any CPU.Build.0 = Debug|Any CPU
		{82619E2B-C43C-4850-A417-8D9409B167EF}.Release|Any CPU.ActiveCfg = Release|Any CPU
		{82619E2B-C43C-4850-A417-8D9409B167EF}.Release|Any CPU.Build.0 = Release|Any CPU
		{ABD2240C-B06C-466F-8DDC-076D1FD8CFED}.Debug|Any CPU.ActiveCfg = Debug|Any CPU
		{ABD2240C-B06C-466F-8DDC-076D1FD8CFED}.Debug|Any CPU.Build.0 = Debug|Any CPU
		{ABD2240C-B06C-466F-8DDC-076D1FD8CFED}.Release|Any CPU.ActiveCfg = Release|Any CPU
		{ABD2240C-B06C-466F-8DDC-076D1FD8CFED}.Release|Any CPU.Build.0 = Release|Any CPU
	EndGlobalSection
EndGlobal
